
Microsoft Visual Studio Solution File, Format Version 12.00
# Visual Studio Version 17
VisualStudioVersion = 17.1.32414.318
MinimumVisualStudioVersion = 10.0.40219.1
Project("{FAE04EC0-301F-11D3-BF4B-00C04F79EFBC}") = "WebApplication1", "WebApplication1\WebApplication1.csproj", "{8EECF15B-EABB-437F-8BC2-C03CF3311B4C}"
EndProject
Project("{FAE04EC0-301F-11D3-BF4B-00C04F79EFBC}") = "Dal", "dal\Dal.csproj", "{05E43D6E-AC63-481E-B6BA-5E83133C970F}"
EndProject
Project("{FAE04EC0-301F-11D3-BF4B-00C04F79EFBC}") = "Models", "models\Models.csproj", "{620D2C91-1F03-443D-9485-1E7F298EE0FA}"
EndProject
Global
	GlobalSection(SolutionConfigurationPlatforms) = preSolution
		Debug|Any CPU = Debug|Any CPU
		Release|Any CPU = Release|Any CPU
	EndGlobalSection
	GlobalSection(ProjectConfigurationPlatforms) = postSolution
		{8EECF15B-EABB-437F-8BC2-C03CF3311B4C}.Debug|Any CPU.ActiveCfg = Debug|Any CPU
		{8EECF15B-EABB-437F-8BC2-C03CF3311B4C}.Debug|Any CPU.Build.0 = Debug|Any CPU
		{8EECF15B-EABB-437F-8BC2-C03CF3311B4C}.Release|Any CPU.ActiveCfg = Release|Any CPU
		{8EECF15B-EABB-437F-8BC2-C03CF3311B4C}.Release|Any CPU.Build.0 = Release|Any CPU
		{05E43D6E-AC63-481E-B6BA-5E83133C970F}.Debug|Any CPU.ActiveCfg = Debug|Any CPU
		{05E43D6E-AC63-481E-B6BA-5E83133C970F}.Debug|Any CPU.Build.0 = Debug|Any CPU
		{05E43D6E-AC63-481E-B6BA-5E83133C970F}.Release|Any CPU.ActiveCfg = Release|Any CPU
		{05E43D6E-AC63-481E-B6BA-5E83133C970F}.Release|Any CPU.Build.0 = Release|Any CPU
		{620D2C91-1F03-443D-9485-1E7F298EE0FA}.Debug|Any CPU.ActiveCfg = Debug|Any CPU
		{620D2C91-1F03-443D-9485-1E7F298EE0FA}.Debug|Any CPU.Build.0 = Debug|Any CPU
		{620D2C91-1F03-443D-9485-1E7F298EE0FA}.Release|Any CPU.ActiveCfg = Release|Any CPU
		{620D2C91-1F03-443D-9485-1E7F298EE0FA}.Release|Any CPU.Build.0 = Release|Any CPU
	EndGlobalSection
	GlobalSection(SolutionProperties) = preSolution
		HideSolutionNode = FALSE
	EndGlobalSection
	GlobalSection(ExtensibilityGlobals) = postSolution
		SolutionGuid = {41B6CE03-7E0B-4737-874D-9120A8293D5F}
	EndGlobalSection
EndGlobal
